lockfileVersion: 5.3

specifiers:
  '@swc/core': ^1.2.165
  emitkit: ^1.1.2
  typescript: ^4.6.3

dependencies:
  '@swc/core': 1.2.165
  emitkit: 1.1.2_@swc+core@1.2.165

devDependencies:
  typescript: 4.6.3

packages:

  /@swc/core-android-arm-eabi/1.2.165:
    resolution: {integrity: sha512-DjX1/5qElHOnlrqhefcZsD1LEspJWDLpW31SKv9cNT2T13U76MkcrHi5ePI50NhG/bWDpHuWFWfuEmgcU+mwHA==}
    engines: {node: '>=10'}
    cpu: [arm]
    os: [android]
    dev: false
    optional: true

  /@swc/core-android-arm64/1.2.165:
    resolution: {integrity: sha512-lPgG+td9/JlV3ZQiHZtdtqn+lZzGly+s/VQXfnaXgaHQE4JjWU2B4rhTVkVOQxEYbA/Cd9pszNWWxjJSrXytMA==}
    engines: {node: '>=10'}
    cpu: [arm64]
    os: [android]
    dev: false
    optional: true

  /@swc/core-darwin-arm64/1.2.165:
    resolution: {integrity: sha512-O6eFbCD4lZ4ZW2E1a4CsIo3zVTI5Tu2MpTbaVan7LvYyv2RK+tot9xjysVbOx/1nfgYDym9JLHU9gY/ayrdOtA==}
    engines: {node: '>=10'}
    cpu: [arm64]
    os: [darwin]
    dev: false
    optional: true

  /@swc/core-darwin-x64/1.2.165:
    resolution: {integrity: sha512-R1WRiDnkmXWBkyNGR09WDq+mCFIujhdUs3e4QiHJih1HY2rKGXU0SZKoqaBTjeVerk/IYXaEnZM3Bx7sb0oyEQ==}
    engines: {node: '>=10'}
    cpu: [x64]
    os: [darwin]
    dev: false
    optional: true

  /@swc/core-freebsd-x64/1.2.165:
    resolution: {integrity: sha512-bL7Jxy2is/+YLZedQsF5a7swpbq9RGsvtXJmx5Bi0JqaavqWpbICmQtTr9I2S97taw16S/k8vOJ6DPzEvgJWWQ==}
    engines: {node: '>=10'}
    cpu: [x64]
    os: [freebsd]
    dev: false
    optional: true

  /@swc/core-linux-arm-gnueabihf/1.2.165:
    resolution: {integrity: sha512-6m+X7a0iw5G97WfkJBKNy7/KfSEivRVRHbWB4VvJgRanNIO4tb//LxlUJFn58frQJg+H7bMFyOXhDJ/taRYAyg==}
    engines: {node: '>=10'}
    cpu: [arm]
    os: [linux]
    dev: false
    optional: true

  /@swc/core-linux-arm64-gnu/1.2.165:
    resolution: {integrity: sha512-4roZScf8UZLhKTYBEqqbTNasZPqs3zDA2LF+SJuc4eFUGJyyrl9KgeVC08vTMtkAI47EebT15FgcQ+9LhtMlkg==}
    engines: {node: '>=10'}
    cpu: [arm64]
    os: [linux]
    dev: false
    optional: true

  /@swc/core-linux-arm64-musl/1.2.165:
    resolution: {integrity: sha512-xM5MDECEnptdsClSitld/f+azudbkeT8nNCkXCP+vFsurex9ISJ2DCWTvw7hgpkFElVv/qFEagDCucgESHcUzw==}
    engines: {node: '>=10'}
    cpu: [arm64]
    os: [linux]
    dev: false
    optional: true

  /@swc/core-linux-x64-gnu/1.2.165:
    resolution: {integrity: sha512-MTEhtso3De+HP+qZKZw1DfPTbngn4ms3+7XG6jqUs6CKpmLTJkvnpPJ5swlXGvpKyDq367O2Aicft52Uoaoq+Q==}
    engines: {node: '>=10'}
    cpu: [x64]
    os: [linux]
    dev: false
    optional: true

  /@swc/core-linux-x64-musl/1.2.165:
    resolution: {integrity: sha512-T2ZSApYoK4VTMTTqhUKcrNcv68ChoAOZDKUNfOik8zXcN1pMttus/VaqfZjxT2+orviRTD5Bkdsc3UvrhHqHnw==}
    engines: {node: '>=10'}
    cpu: [x64]
    os: [linux]
    dev: false
    optional: true

  /@swc/core-win32-arm64-msvc/1.2.165:
    resolution: {integrity: sha512-Icg6dtQpQZKjAUG6kME4WuYpG6cqZjUzzmiZPQ9wWOw7wY8EYFPwC2ZjTg8KwbOJFkAKN6cjk3O2IAFsOWuUGg==}
    engines: {node: '>=10'}
    cpu: [arm64]
    os: [win32]
    dev: false
    optional: true

  /@swc/core-win32-ia32-msvc/1.2.165:
    resolution: {integrity: sha512-ldrTYG1zydyJP54YmYie3VMGcU7gCT2dZ7S1uZ1Tab+10GzZtdvePGGlQ/39jJVpr36/DZ34L6PsjwQkPG7AOw==}
    engines: {node: '>=10'}
    cpu: [ia32]
    os: [win32]
    dev: false
    optional: true

  /@swc/core-win32-x64-msvc/1.2.165:
    resolution: {integrity: sha512-gi2ZELsRLC3RfQFk+qwccL0VZ6ZgprMOP/phCVd8sA2MZsVVrFu6QBEJNGO0Z6hEqQ2BWrva6+cMF/eHSzuAsQ==}
    engines: {node: '>=10'}
    cpu: [x64]
    os: [win32]
    dev: false
    optional: true

  /@swc/core/1.2.165:
    resolution: {integrity: sha512-+Z/FquMEUQLOOVWJY4B2QnHvcAIgBKKJMVtVQLVlIwfC4Ez8OvzGPTfL1W4ixYlUoIaTbAd1956kjBXalr4wEg==}
    engines: {node: '>=10'}
    hasBin: true
    optionalDependencies:
      '@swc/core-android-arm-eabi': 1.2.165
      '@swc/core-android-arm64': 1.2.165
      '@swc/core-darwin-arm64': 1.2.165
      '@swc/core-darwin-x64': 1.2.165
      '@swc/core-freebsd-x64': 1.2.165
      '@swc/core-linux-arm-gnueabihf': 1.2.165
      '@swc/core-linux-arm64-gnu': 1.2.165
      '@swc/core-linux-arm64-musl': 1.2.165
      '@swc/core-linux-x64-gnu': 1.2.165
      '@swc/core-linux-x64-musl': 1.2.165
      '@swc/core-win32-arm64-msvc': 1.2.165
      '@swc/core-win32-ia32-msvc': 1.2.165
      '@swc/core-win32-x64-msvc': 1.2.165
    dev: false

  /emitkit/1.1.2_@swc+core@1.2.165:
    resolution: {integrity: sha512-9BbANUBRn/nzHg7ObdFXNnILlFM53ouAiKFmAvUPwS3EaJM2dYL1gzDfXrpnMcUZei+Ws2fKvwwossCNet0EDA==}
    peerDependencies:
      '@swc/core': ^1.2.165
    dependencies:
      '@swc/core': 1.2.165
    dev: false

  /typescript/4.6.3:
    resolution: {integrity: sha512-yNIatDa5iaofVozS/uQJEl3JRWLKKGJKh6Yaiv0GLGSuhpFJe7P3SbHZ8/yjAHRQwKRoA6YZqlfjXWmVzoVSMw==}
    engines: {node: '>=4.2.0'}
    hasBin: true
    dev: true
