lockfileVersion: 5.3

specifiers:
  solid-js: ^1.3.14
  typescript: ^4.6.3

devDependencies:
  solid-js: 1.3.14
  typescript: 4.6.3

packages:

  /solid-js/1.3.14:
    resolution: {integrity: sha512-eSLm3DTTAWvFnPJT4/PuHC1TAGSNF/aFG+dyuVRPfPepT7wV2SXllA1gf9gr5kBpuloqFxzLcqXy6B9VLSgCkQ==}
    dev: true

  /typescript/4.6.3:
    resolution: {integrity: sha512-yNIatDa5iaofVozS/uQJEl3JRWLKKGJKh6Yaiv0GLGSuhpFJe7P3SbHZ8/yjAHRQwKRoA6YZqlfjXWmVzoVSMw==}
    engines: {node: '>=4.2.0'}
    hasBin: true
    dev: true
